# This is a Gradle generated file for dependency locking.
# Manual edits can break the build and are not advised.
# This file is expected to be part of source control.
antlr:antlr:2.7.7
ch.qos.logback:logback-classic:1.2.3
ch.qos.logback:logback-core:1.2.3
com.fasterxml.jackson.core:jackson-annotations:2.11.3
com.fasterxml.jackson.core:jackson-core:2.11.3
com.fasterxml.jackson.core:jackson-databind:2.11.3
com.fasterxml.jackson.datatype:jackson-datatype-jdk8:2.11.3
com.fasterxml.jackson.datatype:jackson-datatype-jsr310:2.11.3
com.fasterxml.jackson.module:jackson-module-jaxb-annotations:2.11.3
com.fasterxml.jackson.module:jackson-module-kotlin:2.11.3
com.fasterxml.jackson.module:jackson-module-parameter-names:2.11.3
com.fasterxml:classmate:1.5.1
com.github.stephenc.jcip:jcip-annotations:1.0-1
com.graphql-java-kickstart:graphiql-spring-boot-starter:8.0.0
com.graphql-java-kickstart:graphql-java-kickstart:10.0.0
com.graphql-java-kickstart:graphql-java-servlet:10.0.0
com.graphql-java-kickstart:graphql-java-tools:6.2.0
com.graphql-java-kickstart:graphql-kickstart-spring-boot-autoconfigure-tools:8.0.0
com.graphql-java-kickstart:graphql-kickstart-spring-boot-starter-tools:8.0.0
com.graphql-java-kickstart:graphql-kickstart-spring-support:8.0.0
com.graphql-java-kickstart:graphql-spring-boot-autoconfigure:8.0.0
com.graphql-java-kickstart:graphql-spring-boot-starter:8.0.0
com.graphql-java:graphql-java:15.0
com.graphql-java:java-dataloader:2.2.3
com.nimbusds:content-type:2.0
com.nimbusds:lang-tag:1.4.4
com.nimbusds:nimbus-jose-jwt:8.19
com.nimbusds:oauth2-oidc-sdk:7.1.1
com.okta.commons:okta-commons-lang:1.2.2
com.okta.commons:okta-config-check:1.2.2
com.okta.spring:okta-spring-boot-starter:1.4.0
com.okta.spring:okta-spring-sdk:1.4.0
com.okta.spring:okta-spring-security-oauth2:1.4.0
com.sun.istack:istack-commons-runtime:3.0.11
com.sun.mail:javax.mail:1.6.1
com.vladmihalcea:hibernate-types-52:2.10.0
com.zaxxer:HikariCP:3.4.5
commons-codec:commons-codec:1.14
io.micrometer:micrometer-core:1.5.6
jakarta.activation:jakarta.activation-api:1.2.2
jakarta.annotation:jakarta.annotation-api:1.3.5
jakarta.persistence:jakarta.persistence-api:2.2.3
jakarta.transaction:jakarta.transaction-api:1.3.3
jakarta.xml.bind:jakarta.xml.bind-api:2.3.3
javax.activation:activation:1.1
javax.activation:javax.activation-api:1.2.0
javax.servlet:javax.servlet-api:4.0.1
javax.websocket:javax.websocket-api:1.1
javax.xml.bind:jaxb-api:2.3.1
net.bytebuddy:byte-buddy:1.10.17
net.minidev:accessors-smart:1.2
net.minidev:json-smart:2.3
org.antlr:antlr4-runtime:4.7.2
org.apache.commons:commons-lang3:3.10
org.apache.logging.log4j:log4j-api:2.13.3
org.apache.logging.log4j:log4j-to-slf4j:2.13.3
org.apache.tomcat.embed:tomcat-embed-core:9.0.39
org.apache.tomcat.embed:tomcat-embed-websocket:9.0.39
org.aspectj:aspectjweaver:1.9.6
org.bouncycastle:bcpkix-jdk15on:1.64
org.bouncycastle:bcprov-jdk15on:1.64
org.dom4j:dom4j:2.1.3
org.glassfish.jaxb:jaxb-runtime:2.3.3
org.glassfish.jaxb:txw2:2.3.3
org.glassfish:jakarta.el:3.0.3
org.hdrhistogram:HdrHistogram:2.1.12
org.hibernate.common:hibernate-commons-annotations:5.1.0.Final
org.hibernate:hibernate-core:5.4.22.Final
org.javassist:javassist:3.24.0-GA
org.jboss.logging:jboss-logging:3.4.1.Final
org.jboss:jandex:2.1.3.Final
org.jetbrains.kotlin:kotlin-reflect:1.3.72
org.jetbrains.kotlin:kotlin-stdlib-common:1.3.72
org.jetbrains.kotlin:kotlin-stdlib:1.3.72
org.jetbrains.kotlinx:kotlinx-coroutines-core:1.3.8
org.jetbrains.kotlinx:kotlinx-coroutines-jdk8:1.3.8
org.jetbrains.kotlinx:kotlinx-coroutines-reactive:1.3.8
org.jetbrains:annotations:13.0
org.json:json:20201115
org.liquibase:liquibase-core:3.8.9
org.ow2.asm:asm:5.0.4
org.reactivestreams:reactive-streams:1.0.3
org.slf4j:jul-to-slf4j:1.7.30
org.slf4j:slf4j-api:1.7.30
org.springframework.boot:spring-boot-actuator-autoconfigure:2.3.5.RELEASE
org.springframework.boot:spring-boot-actuator:2.3.5.RELEASE
org.springframework.boot:spring-boot-autoconfigure:2.3.5.RELEASE
org.springframework.boot:spring-boot-starter-actuator:2.3.5.RELEASE
org.springframework.boot:spring-boot-starter-aop:2.3.5.RELEASE
org.springframework.boot:spring-boot-starter-data-jpa:2.3.5.RELEASE
org.springframework.boot:spring-boot-starter-jdbc:2.3.5.RELEASE
org.springframework.boot:spring-boot-starter-json:2.3.5.RELEASE
org.springframework.boot:spring-boot-starter-logging:2.3.5.RELEASE
org.springframework.boot:spring-boot-starter-security:2.3.5.RELEASE
org.springframework.boot:spring-boot-starter-tomcat:2.3.5.RELEASE
org.springframework.boot:spring-boot-starter-web:2.3.5.RELEASE
org.springframework.boot:spring-boot-starter-websocket:2.3.5.RELEASE
org.springframework.boot:spring-boot-starter:2.3.5.RELEASE
org.springframework.boot:spring-boot:2.3.5.RELEASE
org.springframework.data:spring-data-commons:2.3.5.RELEASE
org.springframework.data:spring-data-jpa:2.3.5.RELEASE
org.springframework.security.oauth.boot:spring-security-oauth2-autoconfigure:2.3.4.RELEASE
org.springframework.security.oauth:spring-security-oauth2:2.4.1.RELEASE
org.springframework.security:spring-security-config:5.3.5.RELEASE
org.springframework.security:spring-security-core:5.3.5.RELEASE
org.springframework.security:spring-security-jwt:1.1.1.RELEASE
org.springframework.security:spring-security-oauth2-client:5.3.5.RELEASE
org.springframework.security:spring-security-oauth2-core:5.3.5.RELEASE
org.springframework.security:spring-security-oauth2-jose:5.3.5.RELEASE
org.springframework.security:spring-security-oauth2-resource-server:5.3.5.RELEASE
org.springframework.security:spring-security-web:5.3.5.RELEASE
org.springframework:spring-aop:5.2.10.RELEASE
org.springframework:spring-aspects:5.2.10.RELEASE
org.springframework:spring-beans:5.2.10.RELEASE
org.springframework:spring-context:5.2.10.RELEASE
org.springframework:spring-core:5.2.10.RELEASE
org.springframework:spring-expression:5.2.10.RELEASE
org.springframework:spring-jcl:5.2.10.RELEASE
org.springframework:spring-jdbc:5.2.10.RELEASE
org.springframework:spring-messaging:5.2.10.RELEASE
org.springframework:spring-orm:5.2.10.RELEASE
org.springframework:spring-tx:5.2.10.RELEASE
org.springframework:spring-web:5.2.10.RELEASE
org.springframework:spring-webmvc:5.2.10.RELEASE
org.springframework:spring-websocket:5.2.10.RELEASE
org.yaml:snakeyaml:1.26
