# THIS IS AN AUTOGENERATED FILE. DO NOT EDIT THIS FILE DIRECTLY.
# yarn lockfile v1


"@arkweid/lefthook@^0.7.7":
  version "0.7.7"
  resolved "https://registry.yarnpkg.com/@arkweid/lefthook/-/lefthook-0.7.7.tgz#12951b09b955d8054885ffe929aa07a49f39027c"
  integrity sha512-Eq30OXKmjxIAIsTtbX2fcF3SNZIXS8yry1u8yty7PQFYRctx04rVlhOJCEB2UmfTh8T2vrOMC9IHHUvvo5zbaQ==
